
Microsoft Visual Studio Solution File, Format Version 12.00
# Visual Studio Version 17
VisualStudioVersion = 17.13.35825.156 d17.13
MinimumVisualStudioVersion = 10.0.40219.1
Project("{FAE04EC0-301F-11D3-BF4B-00C04F79EFBC}") = "08_Parallel_PLINQ", "08_Parallel_PLINQ.csproj", "{0D8D9F8C-C2B5-4ABF-9203-938A58BEE53B}"
EndProject
Global
	GlobalSection(SolutionConfigurationPlatforms) = preSolution
		Debug|Any CPU = Debug|Any CPU
		Release|Any CPU = Release|Any CPU
	EndGlobalSection
	GlobalSection(ProjectConfigurationPlatforms) = postSolution
		{0D8D9F8C-C2B5-4ABF-9203-938A58BEE53B}.Debug|Any CPU.ActiveCfg = Debug|Any CPU
		{0D8D9F8C-C2B5-4ABF-9203-938A58BEE53B}.Debug|Any CPU.Build.0 = Debug|Any CPU
		{0D8D9F8C-C2B5-4ABF-9203-938A58BEE53B}.Release|Any CPU.ActiveCfg = Release|Any CPU
		{0D8D9F8C-C2B5-4ABF-9203-938A58BEE53B}.Release|Any CPU.Build.0 = Release|Any CPU
	EndGlobalSection
	GlobalSection(SolutionProperties) = preSolution
		HideSolutionNode = FALSE
	EndGlobalSection
	GlobalSection(ExtensibilityGlobals) = postSolution
		SolutionGuid = {704A4242-1536-4FDB-977E-3A77B6D1C59E}
	EndGlobalSection
EndGlobal
