
Microsoft Visual Studio Solution File, Format Version 12.00
# Visual Studio Version 17
VisualStudioVersion = 17.13.35825.156 d17.13
MinimumVisualStudioVersion = 10.0.40219.1
Project("{FAE04EC0-301F-11D3-BF4B-00C04F79EFBC}") = "03_Monitor_Interlocked", "03_Monitor_Interlocked.csproj", "{0E5F7847-B1BE-4EB9-BD8B-CB4E1DC8659A}"
EndProject
Global
	GlobalSection(SolutionConfigurationPlatforms) = preSolution
		Debug|Any CPU = Debug|Any CPU
		Release|Any CPU = Release|Any CPU
	EndGlobalSection
	GlobalSection(ProjectConfigurationPlatforms) = postSolution
		{0E5F7847-B1BE-4EB9-BD8B-CB4E1DC8659A}.Debug|Any CPU.ActiveCfg = Debug|Any CPU
		{0E5F7847-B1BE-4EB9-BD8B-CB4E1DC8659A}.Debug|Any CPU.Build.0 = Debug|Any CPU
		{0E5F7847-B1BE-4EB9-BD8B-CB4E1DC8659A}.Release|Any CPU.ActiveCfg = Release|Any CPU
		{0E5F7847-B1BE-4EB9-BD8B-CB4E1DC8659A}.Release|Any CPU.Build.0 = Release|Any CPU
	EndGlobalSection
	GlobalSection(SolutionProperties) = preSolution
		HideSolutionNode = FALSE
	EndGlobalSection
	GlobalSection(ExtensibilityGlobals) = postSolution
		SolutionGuid = {BB45A830-D1B3-4FCD-AD40-3FEE3D397356}
	EndGlobalSection
EndGlobal
