
Microsoft Visual Studio Solution File, Format Version 12.00
# Visual Studio Version 17
VisualStudioVersion = 17.13.35825.156 d17.13
MinimumVisualStudioVersion = 10.0.40219.1
Project("{FAE04EC0-301F-11D3-BF4B-00C04F79EFBC}") = "09_Exam", "09_Exam.csproj", "{703614A2-5369-43AB-A0C2-C15634121FA9}"
EndProject
Global
	GlobalSection(SolutionConfigurationPlatforms) = preSolution
		Debug|Any CPU = Debug|Any CPU
		Release|Any CPU = Release|Any CPU
	EndGlobalSection
	GlobalSection(ProjectConfigurationPlatforms) = postSolution
		{703614A2-5369-43AB-A0C2-C15634121FA9}.Debug|Any CPU.ActiveCfg = Debug|Any CPU
		{703614A2-5369-43AB-A0C2-C15634121FA9}.Debug|Any CPU.Build.0 = Debug|Any CPU
		{703614A2-5369-43AB-A0C2-C15634121FA9}.Release|Any CPU.ActiveCfg = Release|Any CPU
		{703614A2-5369-43AB-A0C2-C15634121FA9}.Release|Any CPU.Build.0 = Release|Any CPU
	EndGlobalSection
	GlobalSection(SolutionProperties) = preSolution
		HideSolutionNode = FALSE
	EndGlobalSection
	GlobalSection(ExtensibilityGlobals) = postSolution
		SolutionGuid = {0B5F4611-A756-4039-AA70-673A40C50DDE}
	EndGlobalSection
EndGlobal
