
Microsoft Visual Studio Solution File, Format Version 12.00
# Visual Studio Version 17
VisualStudioVersion = 17.13.35825.156 d17.13
MinimumVisualStudioVersion = 10.0.40219.1
Project("{FAE04EC0-301F-11D3-BF4B-00C04F79EFBC}") = "07_Files_Async_Await", "07_Files_Async_Await.csproj", "{C73A342A-9607-4D0D-999F-D2FACE48EC0D}"
EndProject
Global
	GlobalSection(SolutionConfigurationPlatforms) = preSolution
		Debug|Any CPU = Debug|Any CPU
		Release|Any CPU = Release|Any CPU
	EndGlobalSection
	GlobalSection(ProjectConfigurationPlatforms) = postSolution
		{C73A342A-9607-4D0D-999F-D2FACE48EC0D}.Debug|Any CPU.ActiveCfg = Debug|Any CPU
		{C73A342A-9607-4D0D-999F-D2FACE48EC0D}.Debug|Any CPU.Build.0 = Debug|Any CPU
		{C73A342A-9607-4D0D-999F-D2FACE48EC0D}.Release|Any CPU.ActiveCfg = Release|Any CPU
		{C73A342A-9607-4D0D-999F-D2FACE48EC0D}.Release|Any CPU.Build.0 = Release|Any CPU
	EndGlobalSection
	GlobalSection(SolutionProperties) = preSolution
		HideSolutionNode = FALSE
	EndGlobalSection
	GlobalSection(ExtensibilityGlobals) = postSolution
		SolutionGuid = {ABBEAE31-7829-4D4C-A4FF-B17BA84C0768}
	EndGlobalSection
EndGlobal
