
Microsoft Visual Studio Solution File, Format Version 12.00
# Visual Studio Version 17
VisualStudioVersion = 17.13.35825.156 d17.13
MinimumVisualStudioVersion = 10.0.40219.1
Project("{FAE04EC0-301F-11D3-BF4B-00C04F79EFBC}") = "06_Async_Await_EF", "06_Async_Await_EF.csproj", "{FDB44769-DBD7-42A8-8450-DFF00D68136A}"
EndProject
Global
	GlobalSection(SolutionConfigurationPlatforms) = preSolution
		Debug|Any CPU = Debug|Any CPU
		Release|Any CPU = Release|Any CPU
	EndGlobalSection
	GlobalSection(ProjectConfigurationPlatforms) = postSolution
		{FDB44769-DBD7-42A8-8450-DFF00D68136A}.Debug|Any CPU.ActiveCfg = Debug|Any CPU
		{FDB44769-DBD7-42A8-8450-DFF00D68136A}.Debug|Any CPU.Build.0 = Debug|Any CPU
		{FDB44769-DBD7-42A8-8450-DFF00D68136A}.Release|Any CPU.ActiveCfg = Release|Any CPU
		{FDB44769-DBD7-42A8-8450-DFF00D68136A}.Release|Any CPU.Build.0 = Release|Any CPU
	EndGlobalSection
	GlobalSection(SolutionProperties) = preSolution
		HideSolutionNode = FALSE
	EndGlobalSection
	GlobalSection(ExtensibilityGlobals) = postSolution
		SolutionGuid = {5BA5575C-ABFB-4B77-9461-F366D1AB3C03}
	EndGlobalSection
EndGlobal
